{
  "name": "pi-acp-benchmark-fixture",
  "version": "0.0.0",
  "lockfileVersion": 3,
  "requires": true,
  "packages": {
    "": {
      "name": "pi-acp-benchmark-fixture",
      "version": "0.0.0",
      "dependencies": {
        "@copilotkit/llmock": "1.6.0",
        "pi-acp": "0.0.31"
      }
    },
    "node_modules/@agentclientprotocol/sdk": {
      "version": "0.26.0",
      "resolved": "https://registry.npmjs.org/@agentclientprotocol/sdk/-/sdk-0.26.0.tgz",
      "integrity": "sha512-ialrcI+RzKOYe+fw+TfpyTdRmEoqIkXLlwbTi6XgaXXfdhNcdod7TmE1VsTnG3yTlox8TMTSMQgWbLLbz3r86Q==",
      "license": "Apache-2.0",
      "peerDependencies": {
        "zod": "^3.25.0 || ^4.0.0"
      }
    },
    "node_modules/@copilotkit/llmock": {
      "version": "1.6.0",
      "resolved": "https://registry.npmjs.org/@copilotkit/llmock/-/llmock-1.6.0.tgz",
      "integrity": "sha512-wq4J7ampjoEiOi6v2d7GMK5lTZcTnuhMduSPCIwmyxBTCPA3lekXyNKGJ4t3xM5OgoJReMQ5KmlfrMBVTRNGsA==",
      "deprecated": "This package has moved to @copilotkit/aimock",
      "license": "MIT",
      "bin": {
        "llmock": "dist/cli.js"
      },
      "engines": {
        "node": ">=20.15.0"
      }
    },
    "node_modules/pi-acp": {
      "version": "0.0.31",
      "resolved": "https://registry.npmjs.org/pi-acp/-/pi-acp-0.0.31.tgz",
      "integrity": "sha512-LZm1EUV/ax27V+m3pjvK2QvhCfHNTFZsKLNwplVlFuyaSKOFTVdh3IRwfbtM5xqaDe0wmToosI6g3DgScx5aGA==",
      "license": "MIT",
      "dependencies": {
        "@agentclientprotocol/sdk": "^0.26.0",
        "zod": "^3.25.0"
      },
      "bin": {
        "pi-acp": "dist/index.js"
      },
      "engines": {
        "node": ">=20"
      }
    },
    "node_modules/zod": {
      "version": "3.25.76",
      "resolved": "https://registry.npmjs.org/zod/-/zod-3.25.76.tgz",
      "integrity": "sha512-gzUt/qt81nXsFGKIFcC3YnfEAx5NkunCfnDlvuBSSFS02bcXu4Lmea0AFIUwbLWxWPx3d9p8S5QoaujKcNQxcQ==",
      "license": "MIT",
      "funding": {
        "url": "https://github.com/sponsors/colinhacks"
      }
    }
  }
}
